
Microsoft Visual Studio Solution File, Format Version 12.00
# Visual Studio Version 17
VisualStudioVersion = 17.13.35825.156
MinimumVisualStudioVersion = 10.0.40219.1
Project("{FAE04EC0-301F-11D3-BF4B-00C04F79EFBC}") = "ConsoleApp", "ConsoleApp\ConsoleApp.csproj", "{272FC242-8FE8-4323-AC0D-D330C2FD76B1}"
EndProject
Project("{FAE04EC0-301F-11D3-BF4B-00C04F79EFBC}") = "FibonachiCalculator", "FibonachiCalculator\FibonachiCalculator.csproj", "{09AAA964-223F-4451-9C51-42FFE56187C8}"
EndProject
Global
	GlobalSection(SolutionConfigurationPlatforms) = preSolution
		Debug|Any CPU = Debug|Any CPU
		Release|Any CPU = Release|Any CPU
	EndGlobalSection
	GlobalSection(ProjectConfigurationPlatforms) = postSolution
		{272FC242-8FE8-4323-AC0D-D330C2FD76B1}.Debug|Any CPU.ActiveCfg = Debug|Any CPU
		{272FC242-8FE8-4323-AC0D-D330C2FD76B1}.Debug|Any CPU.Build.0 = Debug|Any CPU
		{272FC242-8FE8-4323-AC0D-D330C2FD76B1}.Release|Any CPU.ActiveCfg = Release|Any CPU
		{272FC242-8FE8-4323-AC0D-D330C2FD76B1}.Release|Any CPU.Build.0 = Release|Any CPU
		{09AAA964-223F-4451-9C51-42FFE56187C8}.Debug|Any CPU.ActiveCfg = Debug|Any CPU
		{09AAA964-223F-4451-9C51-42FFE56187C8}.Debug|Any CPU.Build.0 = Debug|Any CPU
		{09AAA964-223F-4451-9C51-42FFE56187C8}.Release|Any CPU.ActiveCfg = Release|Any CPU
		{09AAA964-223F-4451-9C51-42FFE56187C8}.Release|Any CPU.Build.0 = Release|Any CPU
	EndGlobalSection
	GlobalSection(SolutionProperties) = preSolution
		HideSolutionNode = FALSE
	EndGlobalSection
	GlobalSection(ExtensibilityGlobals) = postSolution
		SolutionGuid = {4BA370EE-F96F-4E1D-8C2C-15AA67BF8555}
	EndGlobalSection
EndGlobal
